{
  "name": "devlib-jekyll",
  "version": "1.0.0",
  "lockfileVersion": 1,
  "requires": true,
  "dependencies": {
    "enquire.js": {
      "version": "2.1.6",
      "resolved": "https://registry.npmjs.org/enquire.js/-/enquire.js-2.1.6.tgz",
      "integrity": "sha1-PoeAybi4NQhMP2DhZtvDwqPImBQ="
    },
    "jquery": {
      "version": "3.2.1",
      "resolved": "https://registry.npmjs.org/jquery/-/jquery-3.2.1.tgz",
      "integrity": "sha1-XE2d5lKvbNCncBVKYxu6ErAVx4c="
    },
    "jquery-migrate": {
      "version": "3.0.0",
      "resolved": "https://registry.npmjs.org/jquery-migrate/-/jquery-migrate-3.0.0.tgz",
      "integrity": "sha1-A/MgWW/hodsJzc+3SxRXGZSq17s="
    },
    "lunr": {
      "version": "2.1.3",
      "resolved": "https://registry.npmjs.org/lunr/-/lunr-2.1.3.tgz",
      "integrity": "sha512-AxH0hJWcx/IEl8i+GGJXkNFckCnjYi+WCAeamOW+VLQIyLvIjBtToyRmfg5EtZ9+l2cHzHtm7DB5D9IsVbMVpA=="
    },
    "superfish": {
      "version": "1.7.9",
      "resolved": "https://registry.npmjs.org/superfish/-/superfish-1.7.9.tgz",
      "integrity": "sha1-0TAYLRoLaMmK64gJfXmOPRRSTU0=",
      "requires": {
        "jquery": "3.2.1"
      }
    }
  }
}
