{
  "name": "devlib-jekyll",
  "version": "1.0.0",
  "lockfileVersion": 1,
  "requires": true,
  "dependencies": {
    "enquire.js": {
      "version": "2.1.6",
      "resolved": "https://registry.npmjs.org/enquire.js/-/enquire.js-2.1.6.tgz",
      "integrity": "sha1-PoeAybi4NQhMP2DhZtvDwqPImBQ="
    },
    "jquery": {
      "version": "3.2.1",
      "resolved": "https://registry.npmjs.org/jquery/-/jquery-3.2.1.tgz",
      "integrity": "sha1-XE2d5lKvbNCncBVKYxu6ErAVx4c="
    },
    "jquery-migrate": {
      "version": "3.0.1",
      "resolved": "https://registry.npmjs.org/jquery-migrate/-/jquery-migrate-3.0.1.tgz",
      "integrity": "sha512-NYlhcFnRh4Bv9jvadPlcAKQdVGRE0+TSgFYxQ+ZnCxUUHbwd+SjbOg+Xvu1Oea9mpQJ+2VB1eCfcBORWNQsHaA=="
    },
    "lunr": {
      "version": "2.1.3",
      "resolved": "https://registry.npmjs.org/lunr/-/lunr-2.1.3.tgz",
      "integrity": "sha1-59d5qdW8ae4T1xPe3ZAkGIp6omM="
    },
    "superfish": {
      "version": "1.7.9",
      "resolved": "https://registry.npmjs.org/superfish/-/superfish-1.7.9.tgz",
      "integrity": "sha1-0TAYLRoLaMmK64gJfXmOPRRSTU0=",
      "requires": {
        "jquery": "3.2.1"
      }
    }
  }
}
